// !$*UTF8*$!
{
	archiveVersion = 1;
	classes = {
	};
	objectVersion = 46;
	objects = {

/* Begin PBXBuildFile section */
		FB3267361E78BE59008CB74B /* AppDelegate.swift in Sources */ = {isa = PBXBuildFile; fileRef = FB3267351E78BE59008CB74B /* AppDelegate.swift */; };
		FB3267381E78BE59008CB74B /* ViewController.swift in Sources */ = {isa = PBXBuildFile; fileRef = FB3267371E78BE59008CB74B /* ViewController.swift */; };
		FB32673B1E78BE59008CB74B /* Main.storyboard in Resources */ = {isa = PBXBuildFile; fileRef = FB3267391E78BE59008CB74B /* Main.storyboard */; };
		FB32673D1E78BE59008CB74B /* Assets.xcassets in Resources */ = {isa = PBXBuildFile; fileRef = FB32673C1E78BE59008CB74B /* Assets.xcassets */; };
		FB3267401E78BE59008CB74B /* LaunchScreen.storyboard in Resources */ = {isa = PBXBuildFile; fileRef = FB32673E1E78BE59008CB74B /* LaunchScreen.storyboard */; };
/* End PBXBuildFile section */

/* Begin PBXFileReference section */
		FB3267321E78BE59008CB74B /* UIKit Dinamico en iOS.app */ = {isa = PBXFileReference; explicitFileType = wrapper.application; includeInIndex = 0; path = "UIKit Dinamico en iOS.app"; sourceTree = BUILT_PRODUCTS_DIR; };
		FB3267351E78BE59008CB74B /* AppDelegate.swift */ = {isa = PBXFileReference; lastKnownFileType = sourcecode.swift; path = AppDelegate.swift; sourceTree = "<group>"; };
		FB3267371E78BE59008CB74B /* ViewController.swift */ = {isa = PBXFileReference; lastKnownFileType = sourcecode.swift; path = ViewController.swift; sourceTree = "<group>"; };
		FB32673A1E78BE59008CB74B /* Base */ = {isa = PBXFileReference; lastKnownFileType = file.storyboard; name = Base; path = Base.lproj/Main.storyboard; sourceTree = "<group>"; };
		FB32673C1E78BE59008CB74B /* Assets.xcassets */ = {isa = PBXFileReference; lastKnownFileType = folder.assetcatalog; path = Assets.xcassets; sourceTree = "<group>"; };
		FB32673F1E78BE59008CB74B /* Base */ = {isa = PBXFileReference; lastKnownFileType = file.storyboard; name = Base; path = Base.lproj/LaunchScreen.storyboard; sourceTree = "<group>"; };
		FB3267411E78BE59008CB74B /* Info.plist */ = {isa = PBXFileReference; lastKnownFileType = text.plist.xml; path = Info.plist; sourceTree = "<group>"; };
/* End PBXFileReference section */

/* Begin PBXFrameworksBuildPhase section */
		FB32672F1E78BE59008CB74B /* Frameworks */ = {
			isa = PBXFrameworksBuildPhase;
			buildActionMask = 2147483647;
			files = (
			);
			runOnlyForDeploymentPostprocessing = 0;
		};
/* End PBXFrameworksBuildPhase section */

/* Begin PBXGroup section */
		FB3267291E78BE59008CB74B = {
			isa = PBXGroup;
			children = (
				FB3267341E78BE59008CB74B /* UIKit Dinamico en iOS */,
				FB3267331E78BE59008CB74B /* Products */,
			);
			sourceTree = "<group>";
		};
		FB3267331E78BE59008CB74B /* Products */ = {
			isa = PBXGroup;
			children = (
				FB3267321E78BE59008CB74B /* UIKit Dinamico en iOS.app */,
			);
			name = Products;
			sourceTree = "<group>";
		};
		FB3267341E78BE59008CB74B /* UIKit Dinamico en iOS */ = {
			isa = PBXGroup;
			children = (
				FB3267351E78BE59008CB74B /* AppDelegate.swift */,
				FB3267371E78BE59008CB74B /* ViewController.swift */,
				FB3267391E78BE59008CB74B /* Main.storyboard */,
				FB32673C1E78BE59008CB74B /* Assets.xcassets */,
				FB32673E1E78BE59008CB74B /* LaunchScreen.storyboard */,
				FB3267411E78BE59008CB74B /* Info.plist */,
			);
			path = "UIKit Dinamico en iOS";
			sourceTree = "<group>";
		};
/* End PBXGroup section */

/* Begin PBXNativeTarget section */
		FB3267311E78BE59008CB74B /* UIKit Dinamico en iOS */ = {
			isa = PBXNativeTarget;
			buildConfigurationList = FB3267441E78BE59008CB74B /* Build configuration list for PBXNativeTarget "UIKit Dinamico en iOS" */;
			buildPhases = (
				FB32672E1E78BE59008CB74B /* Sources */,
				FB32672F1E78BE59008CB74B /* Frameworks */,
				FB3267301E78BE59008CB74B /* Resources */,
			);
			buildRules = (
			);
			dependencies = (
			);
			name = "UIKit Dinamico en iOS";
			productName = "UIKit Dinamico en iOS";
			productReference = FB3267321E78BE59008CB74B /* UIKit Dinamico en iOS.app */;
			productType = "com.apple.product-type.application";
		};
/* End PBXNativeTarget section */

/* Begin PBXProject section */
		FB32672A1E78BE59008CB74B /* Project object */ = {
			isa = PBXProject;
			attributes = {
				LastSwiftUpdateCheck = 0800;
				LastUpgradeCheck = 0800;
				ORGANIZATIONNAME = "Jorge Luis Limo";
				TargetAttributes = {
					FB3267311E78BE59008CB74B = {
						CreatedOnToolsVersion = 8.0;
						DevelopmentTeam = 6UK6WGBK4Q;
						ProvisioningStyle = Automatic;
					};
				};
			};
			buildConfigurationList = FB32672D1E78BE59008CB74B /* Build configuration list for PBXProject "UIKit Dinamico en iOS" */;
			compatibilityVersion = "Xcode 3.2";
			developmentRegion = English;
			hasScannedForEncodings = 0;
			knownRegions = (
				en,
				Base,
			);
			mainGroup = FB3267291E78BE59008CB74B;
			productRefGroup = FB3267331E78BE59008CB74B /* Products */;
			projectDirPath = "";
			projectRoot = "";
			targets = (
				FB3267311E78BE59008CB74B /* UIKit Dinamico en iOS */,
			);
		};
/* End PBXProject section */

/* Begin PBXResourcesBuildPhase section */
		FB3267301E78BE59008CB74B /* Resources */ = {
			isa = PBXResourcesBuildPhase;
			buildActionMask = 2147483647;
			files = (
				FB3267401E78BE59008CB74B /* LaunchScreen.storyboard in Resources */,
				FB32673D1E78BE59008CB74B /* Assets.xcassets in Resources */,
				FB32673B1E78BE59008CB74B /* Main.storyboard in Resources */,
			);
			runOnlyForDeploymentPostprocessing = 0;
		};
/* End PBXResourcesBuildPhase section */

/* Begin PBXSourcesBuildPhase section */
		FB32672E1E78BE59008CB74B /* Sources */ = {
			isa = PBXSourcesBuildPhase;
			buildActionMask = 2147483647;
			files = (
				FB3267381E78BE59008CB74B /* ViewController.swift in Sources */,
				FB3267361E78BE59008CB74B /* AppDelegate.swift in Sources */,
			);
			runOnlyForDeploymentPostprocessing = 0;
		};
/* End PBXSourcesBuildPhase section */

/* Begin PBXVariantGroup section */
		FB3267391E78BE59008CB74B /* Main.storyboard */ = {
			isa = PBXVariantGroup;
			children = (
				FB32673A1E78BE59008CB74B /* Base */,
			);
			name = Main.storyboard;
			sourceTree = "<group>";
		};
		FB32673E1E78BE59008CB74B /* LaunchScreen.storyboard */ = {
			isa = PBXVariantGroup;
			children = (
				FB32673F1E78BE59008CB74B /* Base */,
			);
			name = LaunchScreen.storyboard;
			sourceTree = "<group>";
		};
/* End PBXVariantGroup section */

/* Begin XCBuildConfiguration section */
		FB3267421E78BE59008CB74B /* Debug */ = {
			isa = XCBuildConfiguration;
			buildSettings = {
				ALWAYS_SEARCH_USER_PATHS = NO;
				CLANG_ANALYZER_NONNULL = YES;
				CLANG_CXX_LANGUAGE_STANDARD = "gnu++0x";
				CLANG_CXX_LIBRARY = "libc++";
				CLANG_ENABLE_MODULES = YES;
				CLANG_ENABLE_OBJC_ARC = YES;
				CLANG_WARN_BOOL_CONVERSION = YES;
				CLANG_WARN_CONSTANT_CONVERSION = YES;
				CLANG_WARN_DIRECT_OBJC_ISA_USAGE = YES_ERROR;
				CLANG_WARN_DOCUMENTATION_COMMENTS = YES;
				CLANG_WARN_EMPTY_BODY = YES;
				CLANG_WARN_ENUM_CONVERSION = YES;
				CLANG_WARN_INFINITE_RECURSION = YES;
				CLANG_WARN_INT_CONVERSION = YES;
				CLANG_WARN_OBJC_ROOT_CLASS = YES_ERROR;
				CLANG_WARN_SUSPICIOUS_MOVES = YES;
				CLANG_WARN_UNREACHABLE_CODE = YES;
				CLANG_WARN__DUPLICATE_METHOD_MATCH = YES;
				"CODE_SIGN_IDENTITY[sdk=iphoneos*]" = "iPhone Developer";
				COPY_PHASE_STRIP = NO;
				DEBUG_INFORMATION_FORMAT = dwarf;
				ENABLE_STRICT_OBJC_MSGSEND = YES;
				ENABLE_TESTABILITY = YES;
				GCC_C_LANGUAGE_STANDARD = gnu99;
				GCC_DYNAMIC_NO_PIC = NO;
				GCC_NO_COMMON_BLOCKS = YES;
				GCC_OPTIMIZATION_LEVEL = 0;
				GCC_PREPROCESSOR_DEFINITIONS = (
					"DEBUG=1",
					"$(inherited)",
				);
				GCC_WARN_64_TO_32_BIT_CONVERSION = YES;
				GCC_WARN_ABOUT_RETURN_TYPE = YES_ERROR;
				GCC_WARN_UNDECLARED_SELECTOR = YES;
				GCC_WARN_UNINITIALIZED_AUTOS = YES_AGGRESSIVE;
				GCC_WARN_UNUSED_FUNCTION = YES;
				GCC_WARN_UNUSED_VARIABLE = YES;
				IPHONEOS_DEPLOYMENT_TARGET = 10.0;
				MTL_ENABLE_DEBUG_INFO = YES;
				ONLY_ACTIVE_ARCH = YES;
				SDKROOT = iphoneos;
				SWIFT_ACTIVE_COMPILATION_CONDITIONS = DEBUG;
				SWIFT_OPTIMIZATION_LEVEL = "-Onone";
				TARGETED_DEVICE_FAMILY = "1,2";
			};
			name = Debug;
		};
		FB3267431E78BE59008CB74B /* Release */ = {
			isa = XCBuildConfiguration;
			buildSettings = {
				ALWAYS_SEARCH_USER_PATHS = NO;
				CLANG_ANALYZER_NONNULL = YES;
				CLANG_CXX_LANGUAGE_STANDARD = "gnu++0x";
				CLANG_CXX_LIBRARY = "libc++";
				CLANG_ENABLE_MODULES = YES;
				CLANG_ENABLE_OBJC_ARC = YES;
				CLANG_WARN_BOOL_CONVERSION = YES;
				CLANG_WARN_CONSTANT_CONVERSION = YES;
				CLANG_WARN_DIRECT_OBJC_ISA_USAGE = YES_ERROR;
				CLANG_WARN_DOCUMENTATION_COMMENTS = YES;
				CLANG_WARN_EMPTY_BODY = YES;
				CLANG_WARN_ENUM_CONVERSION = YES;
				CLANG_WARN_INFINITE_RECURSION = YES;
				CLANG_WARN_INT_CONVERSION = YES;
				CLANG_WARN_OBJC_ROOT_CLASS = YES_ERROR;
				CLANG_WARN_SUSPICIOUS_MOVES = YES;
				CLANG_WARN_UNREACHABLE_CODE = YES;
				CLANG_WARN__DUPLICATE_METHOD_MATCH = YES;
				"CODE_SIGN_IDENTITY[sdk=iphoneos*]" = "iPhone Developer";
				COPY_PHASE_STRIP = NO;
				DEBUG_INFORMATION_FORMAT = "dwarf-with-dsym";
				ENABLE_NS_ASSERTIONS = NO;
				ENABLE_STRICT_OBJC_MSGSEND = YES;
				GCC_C_LANGUAGE_STANDARD = gnu99;
				GCC_NO_COMMON_BLOCKS = YES;
				GCC_WARN_64_TO_32_BIT_CONVERSION = YES;
				GCC_WARN_ABOUT_RETURN_TYPE = YES_ERROR;
				GCC_WARN_UNDECLARED_SELECTOR = YES;
				GCC_WARN_UNINITIALIZED_AUTOS = YES_AGGRESSIVE;
				GCC_WARN_UNUSED_FUNCTION = YES;
				GCC_WARN_UNUSED_VARIABLE = YES;
				IPHONEOS_DEPLOYMENT_TARGET = 10.0;
				MTL_ENABLE_DEBUG_INFO = NO;
				SDKROOT = iphoneos;
				SWIFT_OPTIMIZATION_LEVEL = "-Owholemodule";
				TARGETED_DEVICE_FAMILY = "1,2";
				VALIDATE_PRODUCT = YES;
			};
			name = Release;
		};
		FB3267451E78BE59008CB74B /* Debug */ = {
			isa = XCBuildConfiguration;
			buildSettings = {
				ASSETCATALOG_COMPILER_APPICON_NAME = AppIcon;
				DEVELOPMENT_TEAM = 6UK6WGBK4Q;
				INFOPLIST_FILE = "UIKit Dinamico en iOS/Info.plist";
				LD_RUNPATH_SEARCH_PATHS = "$(inherited) @executable_path/Frameworks";
				PRODUCT_BUNDLE_IDENTIFIER = "pe.ourlimm3.UIKit-Dinamico-en-iOS";
				PRODUCT_NAME = "$(TARGET_NAME)";
				SWIFT_VERSION = 3.0;
			};
			name = Debug;
		};
		FB3267461E78BE59008CB74B /* Release */ = {
			isa = XCBuildConfiguration;
			buildSettings = {
				ASSETCATALOG_COMPILER_APPICON_NAME = AppIcon;
				DEVELOPMENT_TEAM = 6UK6WGBK4Q;
				INFOPLIST_FILE = "UIKit Dinamico en iOS/Info.plist";
				LD_RUNPATH_SEARCH_PATHS = "$(inherited) @executable_path/Frameworks";
				PRODUCT_BUNDLE_IDENTIFIER = "pe.ourlimm3.UIKit-Dinamico-en-iOS";
				PRODUCT_NAME = "$(TARGET_NAME)";
				SWIFT_VERSION = 3.0;
			};
			name = Release;
		};
/* End XCBuildConfiguration section */

/* Begin XCConfigurationList section */
		FB32672D1E78BE59008CB74B /* Build configuration list for PBXProject "UIKit Dinamico en iOS" */ = {
			isa = XCConfigurationList;
			buildConfigurations = (
				FB3267421E78BE59008CB74B /* Debug */,
				FB3267431E78BE59008CB74B /* Release */,
			);
			defaultConfigurationIsVisible = 0;
			defaultConfigurationName = Release;
		};
		FB3267441E78BE59008CB74B /* Build configuration list for PBXNativeTarget "UIKit Dinamico en iOS" */ = {
			isa = XCConfigurationList;
			buildConfigurations = (
				FB3267451E78BE59008CB74B /* Debug */,
				FB3267461E78BE59008CB74B /* Release */,
			);
			defaultConfigurationIsVisible = 0;
		};
/* End XCConfigurationList section */
	};
	rootObject = FB32672A1E78BE59008CB74B /* Project object */;
}
